// !$*UTF8*$!
{
	archiveVersion = 1;
	classes = {
	};
	objectVersion = 56;
	objects = {

/* Begin PBXBuildFile section */
		D802D0902BEE4646003C910F /* StationResponseModel.swift in Sources */ = {isa = PBXBuildFile; fileRef = D802D08F2BEE4646003C910F /* StationResponseModel.swift */; };
		D802D0922BEE6184003C910F /* StationArrivalDataResponseModel.swift in Sources */ = {isa = PBXBuildFile; fileRef = D802D0912BEE6184003C910F /* StationArrivalDataResponseModel.swift */; };
		D8ABCBA92BEA569A00A97FDC /* AppDelegate.swift in Sources */ = {isa = PBXBuildFile; fileRef = D8ABCBA82BEA569A00A97FDC /* AppDelegate.swift */; };
		D8ABCBAB2BEA569A00A97FDC /* SceneDelegate.swift in Sources */ = {isa = PBXBuildFile; fileRef = D8ABCBAA2BEA569A00A97FDC /* SceneDelegate.swift */; };
		D8ABCBAD2BEA569A00A97FDC /* StationSearchViewController.swift in Sources */ = {isa = PBXBuildFile; fileRef = D8ABCBAC2BEA569A00A97FDC /* StationSearchViewController.swift */; };
		D8ABCBB22BEA569E00A97FDC /* Assets.xcassets in Resources */ = {isa = PBXBuildFile; fileRef = D8ABCBB12BEA569E00A97FDC /* Assets.xcassets */; };
		D8ABCBB52BEA569E00A97FDC /* LaunchScreen.storyboard in Resources */ = {isa = PBXBuildFile; fileRef = D8ABCBB32BEA569E00A97FDC /* LaunchScreen.storyboard */; };
		D8ABCBBE2BEA57A000A97FDC /* SnapKit in Frameworks */ = {isa = PBXBuildFile; productRef = D8ABCBBD2BEA57A000A97FDC /* SnapKit */; };
		D8ABCBC02BEA57A000A97FDC /* SnapKit-Dynamic in Frameworks */ = {isa = PBXBuildFile; productRef = D8ABCBBF2BEA57A000A97FDC /* SnapKit-Dynamic */; };
		D8ABCBC32BEA585100A97FDC /* Alamofire in Frameworks */ = {isa = PBXBuildFile; productRef = D8ABCBC22BEA585100A97FDC /* Alamofire */; settings = {ATTRIBUTES = (Required, ); }; };
		D8ABCBC52BEA585100A97FDC /* AlamofireDynamic in Frameworks */ = {isa = PBXBuildFile; productRef = D8ABCBC42BEA585100A97FDC /* AlamofireDynamic */; };
		D8D832532BECE17B002193A4 /* StationDetailViewController.swift in Sources */ = {isa = PBXBuildFile; fileRef = D8D832522BECE17B002193A4 /* StationDetailViewController.swift */; };
		D8D832552BECF310002193A4 /* StationDetailCollectionViewCell.swift in Sources */ = {isa = PBXBuildFile; fileRef = D8D832542BECF30F002193A4 /* StationDetailCollectionViewCell.swift */; };
/* End PBXBuildFile section */

/* Begin PBXFileReference section */
		D802D08F2BEE4646003C910F /* StationResponseModel.swift */ = {isa = PBXFileReference; lastKnownFileType = sourcecode.swift; path = StationResponseModel.swift; sourceTree = "<group>"; };
		D802D0912BEE6184003C910F /* StationArrivalDataResponseModel.swift */ = {isa = PBXFileReference; lastKnownFileType = sourcecode.swift; path = StationArrivalDataResponseModel.swift; sourceTree = "<group>"; };
		D8ABCBA52BEA569A00A97FDC /* FaUpIn03SubwayStation.app */ = {isa = PBXFileReference; explicitFileType = wrapper.application; includeInIndex = 0; path = FaUpIn03SubwayStation.app; sourceTree = BUILT_PRODUCTS_DIR; };
		D8ABCBA82BEA569A00A97FDC /* AppDelegate.swift */ = {isa = PBXFileReference; lastKnownFileType = sourcecode.swift; path = AppDelegate.swift; sourceTree = "<group>"; };
		D8ABCBAA2BEA569A00A97FDC /* SceneDelegate.swift */ = {isa = PBXFileReference; lastKnownFileType = sourcecode.swift; path = SceneDelegate.swift; sourceTree = "<group>"; };
		D8ABCBAC2BEA569A00A97FDC /* StationSearchViewController.swift */ = {isa = PBXFileReference; lastKnownFileType = sourcecode.swift; path = StationSearchViewController.swift; sourceTree = "<group>"; };
		D8ABCBB12BEA569E00A97FDC /* Assets.xcassets */ = {isa = PBXFileReference; lastKnownFileType = folder.assetcatalog; path = Assets.xcassets; sourceTree = "<group>"; };
		D8ABCBB42BEA569E00A97FDC /* Base */ = {isa = PBXFileReference; lastKnownFileType = file.storyboard; name = Base; path = Base.lproj/LaunchScreen.storyboard; sourceTree = "<group>"; };
		D8ABCBB62BEA569E00A97FDC /* Info.plist */ = {isa = PBXFileReference; lastKnownFileType = text.plist.xml; path = Info.plist; sourceTree = "<group>"; };
		D8D832522BECE17B002193A4 /* StationDetailViewController.swift */ = {isa = PBXFileReference; lastKnownFileType = sourcecode.swift; path = StationDetailViewController.swift; sourceTree = "<group>"; };
		D8D832542BECF30F002193A4 /* StationDetailCollectionViewCell.swift */ = {isa = PBXFileReference; lastKnownFileType = sourcecode.swift; path = StationDetailCollectionViewCell.swift; sourceTree = "<group>"; };
/* End PBXFileReference section */

/* Begin PBXFrameworksBuildPhase section */
		D8ABCBA22BEA569A00A97FDC /* Frameworks */ = {
			isa = PBXFrameworksBuildPhase;
			buildActionMask = 2147483647;
			files = (
				D8ABCBC32BEA585100A97FDC /* Alamofire in Frameworks */,
				D8ABCBC52BEA585100A97FDC /* AlamofireDynamic in Frameworks */,
				D8ABCBBE2BEA57A000A97FDC /* SnapKit in Frameworks */,
				D8ABCBC02BEA57A000A97FDC /* SnapKit-Dynamic in Frameworks */,
			);
			runOnlyForDeploymentPostprocessing = 0;
		};
/* End PBXFrameworksBuildPhase section */

/* Begin PBXGroup section */
		D8ABCB9C2BEA569A00A97FDC = {
			isa = PBXGroup;
			children = (
				D8ABCBA72BEA569A00A97FDC /* FaUpIn03SubwayStation */,
				D8ABCBA62BEA569A00A97FDC /* Products */,
			);
			sourceTree = "<group>";
		};
		D8ABCBA62BEA569A00A97FDC /* Products */ = {
			isa = PBXGroup;
			children = (
				D8ABCBA52BEA569A00A97FDC /* FaUpIn03SubwayStation.app */,
			);
			name = Products;
			sourceTree = "<group>";
		};
		D8ABCBA72BEA569A00A97FDC /* FaUpIn03SubwayStation */ = {
			isa = PBXGroup;
			children = (
				D8ABCBA82BEA569A00A97FDC /* AppDelegate.swift */,
				D8ABCBAA2BEA569A00A97FDC /* SceneDelegate.swift */,
				D802D08F2BEE4646003C910F /* StationResponseModel.swift */,
				D802D0912BEE6184003C910F /* StationArrivalDataResponseModel.swift */,
				D8D832512BECE14E002193A4 /* Scenes */,
				D8ABCBB12BEA569E00A97FDC /* Assets.xcassets */,
				D8ABCBB32BEA569E00A97FDC /* LaunchScreen.storyboard */,
				D8ABCBB62BEA569E00A97FDC /* Info.plist */,
			);
			path = FaUpIn03SubwayStation;
			sourceTree = "<group>";
		};
		D8D832512BECE14E002193A4 /* Scenes */ = {
			isa = PBXGroup;
			children = (
				D8ABCBAC2BEA569A00A97FDC /* StationSearchViewController.swift */,
				D8D832522BECE17B002193A4 /* StationDetailViewController.swift */,
				D8D832542BECF30F002193A4 /* StationDetailCollectionViewCell.swift */,
			);
			path = Scenes;
			sourceTree = "<group>";
		};
/* End PBXGroup section */

/* Begin PBXNativeTarget section */
		D8ABCBA42BEA569A00A97FDC /* FaUpIn03SubwayStation */ = {
			isa = PBXNativeTarget;
			buildConfigurationList = D8ABCBB92BEA569E00A97FDC /* Build configuration list for PBXNativeTarget "FaUpIn03SubwayStation" */;
			buildPhases = (
				D8ABCBA12BEA569A00A97FDC /* Sources */,
				D8ABCBA22BEA569A00A97FDC /* Frameworks */,
				D8ABCBA32BEA569A00A97FDC /* Resources */,
			);
			buildRules = (
			);
			dependencies = (
			);
			name = FaUpIn03SubwayStation;
			packageProductDependencies = (
				D8ABCBBD2BEA57A000A97FDC /* SnapKit */,
				D8ABCBBF2BEA57A000A97FDC /* SnapKit-Dynamic */,
				D8ABCBC22BEA585100A97FDC /* Alamofire */,
				D8ABCBC42BEA585100A97FDC /* AlamofireDynamic */,
			);
			productName = FaUpIn03SubwayStation;
			productReference = D8ABCBA52BEA569A00A97FDC /* FaUpIn03SubwayStation.app */;
			productType = "com.apple.product-type.application";
		};
/* End PBXNativeTarget section */

/* Begin PBXProject section */
		D8ABCB9D2BEA569A00A97FDC /* Project object */ = {
			isa = PBXProject;
			attributes = {
				BuildIndependentTargetsInParallel = 1;
				LastSwiftUpdateCheck = 1510;
				LastUpgradeCheck = 1510;
				TargetAttributes = {
					D8ABCBA42BEA569A00A97FDC = {
						CreatedOnToolsVersion = 15.1;
					};
				};
			};
			buildConfigurationList = D8ABCBA02BEA569A00A97FDC /* Build configuration list for PBXProject "FaUpIn03SubwayStation" */;
			compatibilityVersion = "Xcode 14.0";
			developmentRegion = en;
			hasScannedForEncodings = 0;
			knownRegions = (
				en,
				Base,
			);
			mainGroup = D8ABCB9C2BEA569A00A97FDC;
			packageReferences = (
				D8ABCBBC2BEA57A000A97FDC /* XCRemoteSwiftPackageReference "SnapKit" */,
				D8ABCBC12BEA585100A97FDC /* XCRemoteSwiftPackageReference "Alamofire" */,
			);
			productRefGroup = D8ABCBA62BEA569A00A97FDC /* Products */;
			projectDirPath = "";
			projectRoot = "";
			targets = (
				D8ABCBA42BEA569A00A97FDC /* FaUpIn03SubwayStation */,
			);
		};
/* End PBXProject section */

/* Begin PBXResourcesBuildPhase section */
		D8ABCBA32BEA569A00A97FDC /* Resources */ = {
			isa = PBXResourcesBuildPhase;
			buildActionMask = 2147483647;
			files = (
				D8ABCBB52BEA569E00A97FDC /* LaunchScreen.storyboard in Resources */,
				D8ABCBB22BEA569E00A97FDC /* Assets.xcassets in Resources */,
			);
			runOnlyForDeploymentPostprocessing = 0;
		};
/* End PBXResourcesBuildPhase section */

/* Begin PBXSourcesBuildPhase section */
		D8ABCBA12BEA569A00A97FDC /* Sources */ = {
			isa = PBXSourcesBuildPhase;
			buildActionMask = 2147483647;
			files = (
				D8D832532BECE17B002193A4 /* StationDetailViewController.swift in Sources */,
				D802D0902BEE4646003C910F /* StationResponseModel.swift in Sources */,
				D8ABCBAD2BEA569A00A97FDC /* StationSearchViewController.swift in Sources */,
				D802D0922BEE6184003C910F /* StationArrivalDataResponseModel.swift in Sources */,
				D8ABCBA92BEA569A00A97FDC /* AppDelegate.swift in Sources */,
				D8D832552BECF310002193A4 /* StationDetailCollectionViewCell.swift in Sources */,
				D8ABCBAB2BEA569A00A97FDC /* SceneDelegate.swift in Sources */,
			);
			runOnlyForDeploymentPostprocessing = 0;
		};
/* End PBXSourcesBuildPhase section */

/* Begin PBXVariantGroup section */
		D8ABCBB32BEA569E00A97FDC /* LaunchScreen.storyboard */ = {
			isa = PBXVariantGroup;
			children = (
				D8ABCBB42BEA569E00A97FDC /* Base */,
			);
			name = LaunchScreen.storyboard;
			sourceTree = "<group>";
		};
/* End PBXVariantGroup section */

/* Begin XCBuildConfiguration section */
		D8ABCBB72BEA569E00A97FDC /* Debug */ = {
			isa = XCBuildConfiguration;
			buildSettings = {
				ALWAYS_SEARCH_USER_PATHS = NO;
				ASSETCATALOG_COMPILER_GENERATE_SWIFT_ASSET_SYMBOL_EXTENSIONS = YES;
				CLANG_ANALYZER_NONNULL = YES;
				CLANG_ANALYZER_NUMBER_OBJECT_CONVERSION = YES_AGGRESSIVE;
				CLANG_CXX_LANGUAGE_STANDARD = "gnu++20";
				CLANG_ENABLE_MODULES = YES;
				CLANG_ENABLE_OBJC_ARC = YES;
				CLANG_ENABLE_OBJC_WEAK = YES;
				CLANG_WARN_BLOCK_CAPTURE_AUTORELEASING = YES;
				CLANG_WARN_BOOL_CONVERSION = YES;
				CLANG_WARN_COMMA = YES;
				CLANG_WARN_CONSTANT_CONVERSION = YES;
				CLANG_WARN_DEPRECATED_OBJC_IMPLEMENTATIONS = YES;
				CLANG_WARN_DIRECT_OBJC_ISA_USAGE = YES_ERROR;
				CLANG_WARN_DOCUMENTATION_COMMENTS = YES;
				CLANG_WARN_EMPTY_BODY = YES;
				CLANG_WARN_ENUM_CONVERSION = YES;
				CLANG_WARN_INFINITE_RECURSION = YES;
				CLANG_WARN_INT_CONVERSION = YES;
				CLANG_WARN_NON_LITERAL_NULL_CONVERSION = YES;
				CLANG_WARN_OBJC_IMPLICIT_RETAIN_SELF = YES;
				CLANG_WARN_OBJC_LITERAL_CONVERSION = YES;
				CLANG_WARN_OBJC_ROOT_CLASS = YES_ERROR;
				CLANG_WARN_QUOTED_INCLUDE_IN_FRAMEWORK_HEADER = YES;
				CLANG_WARN_RANGE_LOOP_ANALYSIS = YES;
				CLANG_WARN_STRICT_PROTOTYPES = YES;
				CLANG_WARN_SUSPICIOUS_MOVE = YES;
				CLANG_WARN_UNGUARDED_AVAILABILITY = YES_AGGRESSIVE;
				CLANG_WARN_UNREACHABLE_CODE = YES;
				CLANG_WARN__DUPLICATE_METHOD_MATCH = YES;
				COPY_PHASE_STRIP = NO;
				DEBUG_INFORMATION_FORMAT = dwarf;
				ENABLE_STRICT_OBJC_MSGSEND = YES;
				ENABLE_TESTABILITY = YES;
				ENABLE_USER_SCRIPT_SANDBOXING = YES;
				GCC_C_LANGUAGE_STANDARD = gnu17;
				GCC_DYNAMIC_NO_PIC = NO;
				GCC_NO_COMMON_BLOCKS = YES;
				GCC_OPTIMIZATION_LEVEL = 0;
				GCC_PREPROCESSOR_DEFINITIONS = (
					"DEBUG=1",
					"$(inherited)",
				);
				GCC_WARN_64_TO_32_BIT_CONVERSION = YES;
				GCC_WARN_ABOUT_RETURN_TYPE = YES_ERROR;
				GCC_WARN_UNDECLARED_SELECTOR = YES;
				GCC_WARN_UNINITIALIZED_AUTOS = YES_AGGRESSIVE;
				GCC_WARN_UNUSED_FUNCTION = YES;
				GCC_WARN_UNUSED_VARIABLE = YES;
				IPHONEOS_DEPLOYMENT_TARGET = 17.2;
				LOCALIZATION_PREFERS_STRING_CATALOGS = YES;
				MTL_ENABLE_DEBUG_INFO = INCLUDE_SOURCE;
				MTL_FAST_MATH = YES;
				ONLY_ACTIVE_ARCH = YES;
				SDKROOT = iphoneos;
				SWIFT_ACTIVE_COMPILATION_CONDITIONS = "DEBUG $(inherited)";
				SWIFT_OPTIMIZATION_LEVEL = "-Onone";
			};
			name = Debug;
		};
		D8ABCBB82BEA569E00A97FDC /* Release */ = {
			isa = XCBuildConfiguration;
			buildSettings = {
				ALWAYS_SEARCH_USER_PATHS = NO;
				ASSETCATALOG_COMPILER_GENERATE_SWIFT_ASSET_SYMBOL_EXTENSIONS = YES;
				CLANG_ANALYZER_NONNULL = YES;
				CLANG_ANALYZER_NUMBER_OBJECT_CONVERSION = YES_AGGRESSIVE;
				CLANG_CXX_LANGUAGE_STANDARD = "gnu++20";
				CLANG_ENABLE_MODULES = YES;
				CLANG_ENABLE_OBJC_ARC = YES;
				CLANG_ENABLE_OBJC_WEAK = YES;
				CLANG_WARN_BLOCK_CAPTURE_AUTORELEASING = YES;
				CLANG_WARN_BOOL_CONVERSION = YES;
				CLANG_WARN_COMMA = YES;
				CLANG_WARN_CONSTANT_CONVERSION = YES;
				CLANG_WARN_DEPRECATED_OBJC_IMPLEMENTATIONS = YES;
				CLANG_WARN_DIRECT_OBJC_ISA_USAGE = YES_ERROR;
				CLANG_WARN_DOCUMENTATION_COMMENTS = YES;
				CLANG_WARN_EMPTY_BODY = YES;
				CLANG_WARN_ENUM_CONVERSION = YES;
				CLANG_WARN_INFINITE_RECURSION = YES;
				CLANG_WARN_INT_CONVERSION = YES;
				CLANG_WARN_NON_LITERAL_NULL_CONVERSION = YES;
				CLANG_WARN_OBJC_IMPLICIT_RETAIN_SELF = YES;
				CLANG_WARN_OBJC_LITERAL_CONVERSION = YES;
				CLANG_WARN_OBJC_ROOT_CLASS = YES_ERROR;
				CLANG_WARN_QUOTED_INCLUDE_IN_FRAMEWORK_HEADER = YES;
				CLANG_WARN_RANGE_LOOP_ANALYSIS = YES;
				CLANG_WARN_STRICT_PROTOTYPES = YES;
				CLANG_WARN_SUSPICIOUS_MOVE = YES;
				CLANG_WARN_UNGUARDED_AVAILABILITY = YES_AGGRESSIVE;
				CLANG_WARN_UNREACHABLE_CODE = YES;
				CLANG_WARN__DUPLICATE_METHOD_MATCH = YES;
				COPY_PHASE_STRIP = NO;
				DEBUG_INFORMATION_FORMAT = "dwarf-with-dsym";
				ENABLE_NS_ASSERTIONS = NO;
				ENABLE_STRICT_OBJC_MSGSEND = YES;
				ENABLE_USER_SCRIPT_SANDBOXING = YES;
				GCC_C_LANGUAGE_STANDARD = gnu17;
				GCC_NO_COMMON_BLOCKS = YES;
				GCC_WARN_64_TO_32_BIT_CONVERSION = YES;
				GCC_WARN_ABOUT_RETURN_TYPE = YES_ERROR;
				GCC_WARN_UNDECLARED_SELECTOR = YES;
				GCC_WARN_UNINITIALIZED_AUTOS = YES_AGGRESSIVE;
				GCC_WARN_UNUSED_FUNCTION = YES;
				GCC_WARN_UNUSED_VARIABLE = YES;
				IPHONEOS_DEPLOYMENT_TARGET = 17.2;
				LOCALIZATION_PREFERS_STRING_CATALOGS = YES;
				MTL_ENABLE_DEBUG_INFO = NO;
				MTL_FAST_MATH = YES;
				SDKROOT = iphoneos;
				SWIFT_COMPILATION_MODE = wholemodule;
				VALIDATE_PRODUCT = YES;
			};
			name = Release;
		};
		D8ABCBBA2BEA569E00A97FDC /* Debug */ = {
			isa = XCBuildConfiguration;
			buildSettings = {
				ASSETCATALOG_COMPILER_APPICON_NAME = AppIcon;
				ASSETCATALOG_COMPILER_GLOBAL_ACCENT_COLOR_NAME = AccentColor;
				CODE_SIGN_STYLE = Automatic;
				CURRENT_PROJECT_VERSION = 1;
				GENERATE_INFOPLIST_FILE = YES;
				INFOPLIST_FILE = FaUpIn03SubwayStation/Info.plist;
				INFOPLIST_KEY_UIApplicationSupportsIndirectInputEvents = YES;
				INFOPLIST_KEY_UILaunchStoryboardName = LaunchScreen;
				INFOPLIST_KEY_UISupportedInterfaceOrientations_iPad = "UIInterfaceOrientationPortrait UIInterfaceOrientationPortraitUpsideDown UIInterfaceOrientationLandscapeLeft UIInterfaceOrientationLandscapeRight";
				INFOPLIST_KEY_UISupportedInterfaceOrientations_iPhone = "UIInterfaceOrientationPortrait UIInterfaceOrientationLandscapeLeft UIInterfaceOrientationLandscapeRight";
				LD_RUNPATH_SEARCH_PATHS = (
					"$(inherited)",
					"@executable_path/Frameworks",
				);
				MARKETING_VERSION = 1.0;
				PRODUCT_BUNDLE_IDENTIFIER = com.joe3524.FaUpIn03SubwayStation;
				PRODUCT_NAME = "$(TARGET_NAME)";
				SWIFT_EMIT_LOC_STRINGS = YES;
				SWIFT_VERSION = 5.0;
				TARGETED_DEVICE_FAMILY = "1,2";
			};
			name = Debug;
		};
		D8ABCBBB2BEA569E00A97FDC /* Release */ = {
			isa = XCBuildConfiguration;
			buildSettings = {
				ASSETCATALOG_COMPILER_APPICON_NAME = AppIcon;
				ASSETCATALOG_COMPILER_GLOBAL_ACCENT_COLOR_NAME = AccentColor;
				CODE_SIGN_STYLE = Automatic;
				CURRENT_PROJECT_VERSION = 1;
				GENERATE_INFOPLIST_FILE = YES;
				INFOPLIST_FILE = FaUpIn03SubwayStation/Info.plist;
				INFOPLIST_KEY_UIApplicationSupportsIndirectInputEvents = YES;
				INFOPLIST_KEY_UILaunchStoryboardName = LaunchScreen;
				INFOPLIST_KEY_UISupportedInterfaceOrientations_iPad = "UIInterfaceOrientationPortrait UIInterfaceOrientationPortraitUpsideDown UIInterfaceOrientationLandscapeLeft UIInterfaceOrientationLandscapeRight";
				INFOPLIST_KEY_UISupportedInterfaceOrientations_iPhone = "UIInterfaceOrientationPortrait UIInterfaceOrientationLandscapeLeft UIInterfaceOrientationLandscapeRight";
				LD_RUNPATH_SEARCH_PATHS = (
					"$(inherited)",
					"@executable_path/Frameworks",
				);
				MARKETING_VERSION = 1.0;
				PRODUCT_BUNDLE_IDENTIFIER = com.joe3524.FaUpIn03SubwayStation;
				PRODUCT_NAME = "$(TARGET_NAME)";
				SWIFT_EMIT_LOC_STRINGS = YES;
				SWIFT_VERSION = 5.0;
				TARGETED_DEVICE_FAMILY = "1,2";
			};
			name = Release;
		};
/* End XCBuildConfiguration section */

/* Begin XCConfigurationList section */
		D8ABCBA02BEA569A00A97FDC /* Build configuration list for PBXProject "FaUpIn03SubwayStation" */ = {
			isa = XCConfigurationList;
			buildConfigurations = (
				D8ABCBB72BEA569E00A97FDC /* Debug */,
				D8ABCBB82BEA569E00A97FDC /* Release */,
			);
			defaultConfigurationIsVisible = 0;
			defaultConfigurationName = Release;
		};
		D8ABCBB92BEA569E00A97FDC /* Build configuration list for PBXNativeTarget "FaUpIn03SubwayStation" */ = {
			isa = XCConfigurationList;
			buildConfigurations = (
				D8ABCBBA2BEA569E00A97FDC /* Debug */,
				D8ABCBBB2BEA569E00A97FDC /* Release */,
			);
			defaultConfigurationIsVisible = 0;
			defaultConfigurationName = Release;
		};
/* End XCConfigurationList section */

/* Begin XCRemoteSwiftPackageReference section */
		D8ABCBBC2BEA57A000A97FDC /* XCRemoteSwiftPackageReference "SnapKit" */ = {
			isa = XCRemoteSwiftPackageReference;
			repositoryURL = "https://github.com/SnapKit/SnapKit.git";
			requirement = {
				kind = upToNextMajorVersion;
				minimumVersion = 5.7.1;
			};
		};
		D8ABCBC12BEA585100A97FDC /* XCRemoteSwiftPackageReference "Alamofire" */ = {
			isa = XCRemoteSwiftPackageReference;
			repositoryURL = "https://github.com/Alamofire/Alamofire.git";
			requirement = {
				kind = upToNextMajorVersion;
				minimumVersion = 5.9.1;
			};
		};
/* End XCRemoteSwiftPackageReference section */

/* Begin XCSwiftPackageProductDependency section */
		D8ABCBBD2BEA57A000A97FDC /* SnapKit */ = {
			isa = XCSwiftPackageProductDependency;
			package = D8ABCBBC2BEA57A000A97FDC /* XCRemoteSwiftPackageReference "SnapKit" */;
			productName = SnapKit;
		};
		D8ABCBBF2BEA57A000A97FDC /* SnapKit-Dynamic */ = {
			isa = XCSwiftPackageProductDependency;
			package = D8ABCBBC2BEA57A000A97FDC /* XCRemoteSwiftPackageReference "SnapKit" */;
			productName = "SnapKit-Dynamic";
		};
		D8ABCBC22BEA585100A97FDC /* Alamofire */ = {
			isa = XCSwiftPackageProductDependency;
			package = D8ABCBC12BEA585100A97FDC /* XCRemoteSwiftPackageReference "Alamofire" */;
			productName = Alamofire;
		};
		D8ABCBC42BEA585100A97FDC /* AlamofireDynamic */ = {
			isa = XCSwiftPackageProductDependency;
			package = D8ABCBC12BEA585100A97FDC /* XCRemoteSwiftPackageReference "Alamofire" */;
			productName = AlamofireDynamic;
		};
/* End XCSwiftPackageProductDependency section */
	};
	rootObject = D8ABCB9D2BEA569A00A97FDC /* Project object */;
}
